
Microsoft Visual Studio Solution File, Format Version 12.00
# Visual Studio 14
VisualStudioVersion = 14.0.25123.0
MinimumVisualStudioVersion = 10.0.40219.1
Project("{2150E333-8FDC-42A3-9474-1A3956D46DE8}") = "Tests", "Tests", "{C3092F55-794C-4623-8C77-67BB1343339C}"
EndProject
Project("{FAE04EC0-301F-11D3-BF4B-00C04F79EFBC}") = "SharpDox.Config.Tests", "Tests\SharpDox.Config.Tests\SharpDox.Config.Tests.csproj", "{C5BDFE84-D597-42CF-BAE5-C5F94268A77D}"
EndProject
Project("{FAE04EC0-301F-11D3-BF4B-00C04F79EFBC}") = "SharpDox.Local.Tests", "Tests\SharpDox.Local.Tests\SharpDox.Local.Tests.csproj", "{FBFBAB4B-29AC-47CD-B3DA-309FAAF8D0DE}"
EndProject
Project("{FAE04EC0-301F-11D3-BF4B-00C04F79EFBC}") = "SharpDox.Console", "Shells\SharpDox.Console\SharpDox.Console.csproj", "{ABE5A687-0D1A-46FF-9C27-CEAF2602E470}"
EndProject
Project("{2150E333-8FDC-42A3-9474-1A3956D46DE8}") = "Libraries", "Libraries", "{B31D7989-25F8-4468-BF06-ADC904683296}"
EndProject
Project("{FAE04EC0-301F-11D3-BF4B-00C04F79EFBC}") = "SharpDox.Build", "Libraries\SharpDox.Build\SharpDox.Build.csproj", "{65180DA0-D8CF-4A7B-BD1C-DBA841883DD4}"
EndProject
Project("{FAE04EC0-301F-11D3-BF4B-00C04F79EFBC}") = "SharpDox.UML.Tests", "Tests\SharpDox.UML.Tests\SharpDox.UML.Tests.csproj", "{B8F2B6A8-EB08-48F3-BA1C-B11CDF63F852}"
EndProject
Project("{FAE04EC0-301F-11D3-BF4B-00C04F79EFBC}") = "SharpDox.UML", "Libraries\SharpDox.UML\SharpDox.UML.csproj", "{3CB8094E-FFE2-4EF1-8366-E6B9C91D4831}"
EndProject
Project("{FAE04EC0-301F-11D3-BF4B-00C04F79EFBC}") = "SharpDox.GUI", "Shells\SharpDox.GUI\SharpDox.GUI.csproj", "{25A379AC-786A-49E1-821C-5CC97EB149CE}"
EndProject
Project("{FAE04EC0-301F-11D3-BF4B-00C04F79EFBC}") = "SharpDox.Build.Tests", "Tests\SharpDox.Build.Tests\SharpDox.Build.Tests.csproj", "{3910FF8A-F168-4B44-A6B0-5C4B7A9DE2EF}"
EndProject
Project("{FAE04EC0-301F-11D3-BF4B-00C04F79EFBC}") = "SharpDox.TestProject", "Tests\SharpDox.TestProject\SharpDox.TestProject.csproj", "{64CA3C14-F6D6-421F-A802-340FECB41698}"
EndProject
Project("{FAE04EC0-301F-11D3-BF4B-00C04F79EFBC}") = "SharpDox.RegressionTests", "Tests\SharpDox.RegressionTests\SharpDox.RegressionTests.csproj", "{0A886C13-DD26-46AD-822C-0B118501512C}"
EndProject
Project("{2150E333-8FDC-42A3-9474-1A3956D46DE8}") = "Core", "Core", "{3963F440-08F8-46D9-9BED-F8C9E726738C}"
EndProject
Project("{FAE04EC0-301F-11D3-BF4B-00C04F79EFBC}") = "SharpDox.Core", "Core\SharpDox.Core\SharpDox.Core.csproj", "{8E519972-D18F-47E4-8E82-ABC3B3D43311}"
EndProject
Project("{FAE04EC0-301F-11D3-BF4B-00C04F79EFBC}") = "SharpDox.Model", "Core\SharpDox.Model\SharpDox.Model.csproj", "{7880D6BD-3EEF-44AB-964F-61B0F35EFE51}"
EndProject
Project("{FAE04EC0-301F-11D3-BF4B-00C04F79EFBC}") = "SharpDox.Sdk", "Core\SharpDox.Sdk\SharpDox.Sdk.csproj", "{C754373F-E69A-41BF-9007-F11121BD6302}"
EndProject
Project("{FAE04EC0-301F-11D3-BF4B-00C04F79EFBC}") = "SharpDox.Build.Roslyn", "Libraries\SharpDox.Build.Roslyn\SharpDox.Build.Roslyn.csproj", "{9E825E4A-768A-4EEE-BCBD-7FA92DAC0D81}"
EndProject
Project("{2150E333-8FDC-42A3-9474-1A3956D46DE8}") = "Visual Studio", "Visual Studio", "{01673821-1E85-46CB-8FE8-F240C9A7630C}"
EndProject
Project("{FAE04EC0-301F-11D3-BF4B-00C04F79EFBC}") = "SharpDox.Vsix", "SharpDox.Vsix\SharpDox.Vsix.csproj", "{589035AE-1688-4D62-ABB5-252329A2B4DB}"
EndProject
Global
	GlobalSection(SolutionConfigurationPlatforms) = preSolution
		Debug|Any CPU = Debug|Any CPU
		Release|Any CPU = Release|Any CPU
	EndGlobalSection
	GlobalSection(ProjectConfigurationPlatforms) = postSolution
		{C5BDFE84-D597-42CF-BAE5-C5F94268A77D}.Debug|Any CPU.ActiveCfg = Debug|Any CPU
		{C5BDFE84-D597-42CF-BAE5-C5F94268A77D}.Debug|Any CPU.Build.0 = Debug|Any CPU
		{C5BDFE84-D597-42CF-BAE5-C5F94268A77D}.Release|Any CPU.ActiveCfg = Release|Any CPU
		{C5BDFE84-D597-42CF-BAE5-C5F94268A77D}.Release|Any CPU.Build.0 = Release|Any CPU
		{FBFBAB4B-29AC-47CD-B3DA-309FAAF8D0DE}.Debug|Any CPU.ActiveCfg = Debug|Any CPU
		{FBFBAB4B-29AC-47CD-B3DA-309FAAF8D0DE}.Debug|Any CPU.Build.0 = Debug|Any CPU
		{FBFBAB4B-29AC-47CD-B3DA-309FAAF8D0DE}.Release|Any CPU.ActiveCfg = Release|Any CPU
		{FBFBAB4B-29AC-47CD-B3DA-309FAAF8D0DE}.Release|Any CPU.Build.0 = Release|Any CPU
		{ABE5A687-0D1A-46FF-9C27-CEAF2602E470}.Debug|Any CPU.ActiveCfg = Debug|Any CPU
		{ABE5A687-0D1A-46FF-9C27-CEAF2602E470}.Debug|Any CPU.Build.0 = Debug|Any CPU
		{ABE5A687-0D1A-46FF-9C27-CEAF2602E470}.Release|Any CPU.ActiveCfg = Release|Any CPU
		{ABE5A687-0D1A-46FF-9C27-CEAF2602E470}.Release|Any CPU.Build.0 = Release|Any CPU
		{65180DA0-D8CF-4A7B-BD1C-DBA841883DD4}.Debug|Any CPU.ActiveCfg = Debug|Any CPU
		{65180DA0-D8CF-4A7B-BD1C-DBA841883DD4}.Debug|Any CPU.Build.0 = Debug|Any CPU
		{65180DA0-D8CF-4A7B-BD1C-DBA841883DD4}.Release|Any CPU.ActiveCfg = Release|Any CPU
		{65180DA0-D8CF-4A7B-BD1C-DBA841883DD4}.Release|Any CPU.Build.0 = Release|Any CPU
		{B8F2B6A8-EB08-48F3-BA1C-B11CDF63F852}.Debug|Any CPU.ActiveCfg = Debug|Any CPU
		{B8F2B6A8-EB08-48F3-BA1C-B11CDF63F852}.Debug|Any CPU.Build.0 = Debug|Any CPU
		{B8F2B6A8-EB08-48F3-BA1C-B11CDF63F852}.Release|Any CPU.ActiveCfg = Release|Any CPU
		{B8F2B6A8-EB08-48F3-BA1C-B11CDF63F852}.Release|Any CPU.Build.0 = Release|Any CPU
		{3CB8094E-FFE2-4EF1-8366-E6B9C91D4831}.Debug|Any CPU.ActiveCfg = Debug|Any CPU
		{3CB8094E-FFE2-4EF1-8366-E6B9C91D4831}.Debug|Any CPU.Build.0 = Debug|Any CPU
		{3CB8094E-FFE2-4EF1-8366-E6B9C91D4831}.Release|Any CPU.ActiveCfg = Release|Any CPU
		{3CB8094E-FFE2-4EF1-8366-E6B9C91D4831}.Release|Any CPU.Build.0 = Release|Any CPU
		{25A379AC-786A-49E1-821C-5CC97EB149CE}.Debug|Any CPU.ActiveCfg = Debug|Any CPU
		{25A379AC-786A-49E1-821C-5CC97EB149CE}.Debug|Any CPU.Build.0 = Debug|Any CPU
		{25A379AC-786A-49E1-821C-5CC97EB149CE}.Release|Any CPU.ActiveCfg = Release|Any CPU
		{25A379AC-786A-49E1-821C-5CC97EB149CE}.Release|Any CPU.Build.0 = Release|Any CPU
		{3910FF8A-F168-4B44-A6B0-5C4B7A9DE2EF}.Debug|Any CPU.ActiveCfg = Debug|Any CPU
		{3910FF8A-F168-4B44-A6B0-5C4B7A9DE2EF}.Debug|Any CPU.Build.0 = Debug|Any CPU
		{3910FF8A-F168-4B44-A6B0-5C4B7A9DE2EF}.Release|Any CPU.ActiveCfg = Release|Any CPU
		{3910FF8A-F168-4B44-A6B0-5C4B7A9DE2EF}.Release|Any CPU.Build.0 = Release|Any CPU
		{64CA3C14-F6D6-421F-A802-340FECB41698}.Debug|Any CPU.ActiveCfg = Debug|Any CPU
		{64CA3C14-F6D6-421F-A802-340FECB41698}.Debug|Any CPU.Build.0 = Debug|Any CPU
		{64CA3C14-F6D6-421F-A802-340FECB41698}.Release|Any CPU.ActiveCfg = Release|Any CPU
		{64CA3C14-F6D6-421F-A802-340FECB41698}.Release|Any CPU.Build.0 = Release|Any CPU
		{0A886C13-DD26-46AD-822C-0B118501512C}.Debug|Any CPU.ActiveCfg = Debug|Any CPU
		{0A886C13-DD26-46AD-822C-0B118501512C}.Debug|Any CPU.Build.0 = Debug|Any CPU
		{0A886C13-DD26-46AD-822C-0B118501512C}.Release|Any CPU.ActiveCfg = Release|Any CPU
		{0A886C13-DD26-46AD-822C-0B118501512C}.Release|Any CPU.Build.0 = Release|Any CPU
		{8E519972-D18F-47E4-8E82-ABC3B3D43311}.Debug|Any CPU.ActiveCfg = Debug|Any CPU
		{8E519972-D18F-47E4-8E82-ABC3B3D43311}.Debug|Any CPU.Build.0 = Debug|Any CPU
		{8E519972-D18F-47E4-8E82-ABC3B3D43311}.Release|Any CPU.ActiveCfg = Release|Any CPU
		{8E519972-D18F-47E4-8E82-ABC3B3D43311}.Release|Any CPU.Build.0 = Release|Any CPU
		{7880D6BD-3EEF-44AB-964F-61B0F35EFE51}.Debug|Any CPU.ActiveCfg = Debug|Any CPU
		{7880D6BD-3EEF-44AB-964F-61B0F35EFE51}.Debug|Any CPU.Build.0 = Debug|Any CPU
		{7880D6BD-3EEF-44AB-964F-61B0F35EFE51}.Release|Any CPU.ActiveCfg = Release|Any CPU
		{7880D6BD-3EEF-44AB-964F-61B0F35EFE51}.Release|Any CPU.Build.0 = Release|Any CPU
		{C754373F-E69A-41BF-9007-F11121BD6302}.Debug|Any CPU.ActiveCfg = Debug|Any CPU
		{C754373F-E69A-41BF-9007-F11121BD6302}.Debug|Any CPU.Build.0 = Debug|Any CPU
		{C754373F-E69A-41BF-9007-F11121BD6302}.Release|Any CPU.ActiveCfg = Release|Any CPU
		{C754373F-E69A-41BF-9007-F11121BD6302}.Release|Any CPU.Build.0 = Release|Any CPU
		{9E825E4A-768A-4EEE-BCBD-7FA92DAC0D81}.Debug|Any CPU.ActiveCfg = Debug|Any CPU
		{9E825E4A-768A-4EEE-BCBD-7FA92DAC0D81}.Debug|Any CPU.Build.0 = Debug|Any CPU
		{9E825E4A-768A-4EEE-BCBD-7FA92DAC0D81}.Release|Any CPU.ActiveCfg = Release|Any CPU
		{9E825E4A-768A-4EEE-BCBD-7FA92DAC0D81}.Release|Any CPU.Build.0 = Release|Any CPU
		{589035AE-1688-4D62-ABB5-252329A2B4DB}.Debug|Any CPU.ActiveCfg = Debug|Any CPU
		{589035AE-1688-4D62-ABB5-252329A2B4DB}.Debug|Any CPU.Build.0 = Debug|Any CPU
		{589035AE-1688-4D62-ABB5-252329A2B4DB}.Release|Any CPU.ActiveCfg = Release|Any CPU
		{589035AE-1688-4D62-ABB5-252329A2B4DB}.Release|Any CPU.Build.0 = Release|Any CPU
	EndGlobalSection
	GlobalSection(SolutionProperties) = preSolution
		HideSolutionNode = FALSE
	EndGlobalSection
	GlobalSection(NestedProjects) = preSolution
		{C5BDFE84-D597-42CF-BAE5-C5F94268A77D} = {C3092F55-794C-4623-8C77-67BB1343339C}
		{FBFBAB4B-29AC-47CD-B3DA-309FAAF8D0DE} = {C3092F55-794C-4623-8C77-67BB1343339C}
		{65180DA0-D8CF-4A7B-BD1C-DBA841883DD4} = {B31D7989-25F8-4468-BF06-ADC904683296}
		{B8F2B6A8-EB08-48F3-BA1C-B11CDF63F852} = {C3092F55-794C-4623-8C77-67BB1343339C}
		{3CB8094E-FFE2-4EF1-8366-E6B9C91D4831} = {B31D7989-25F8-4468-BF06-ADC904683296}
		{3910FF8A-F168-4B44-A6B0-5C4B7A9DE2EF} = {C3092F55-794C-4623-8C77-67BB1343339C}
		{64CA3C14-F6D6-421F-A802-340FECB41698} = {C3092F55-794C-4623-8C77-67BB1343339C}
		{0A886C13-DD26-46AD-822C-0B118501512C} = {C3092F55-794C-4623-8C77-67BB1343339C}
		{8E519972-D18F-47E4-8E82-ABC3B3D43311} = {3963F440-08F8-46D9-9BED-F8C9E726738C}
		{7880D6BD-3EEF-44AB-964F-61B0F35EFE51} = {3963F440-08F8-46D9-9BED-F8C9E726738C}
		{C754373F-E69A-41BF-9007-F11121BD6302} = {3963F440-08F8-46D9-9BED-F8C9E726738C}
		{9E825E4A-768A-4EEE-BCBD-7FA92DAC0D81} = {B31D7989-25F8-4468-BF06-ADC904683296}
		{589035AE-1688-4D62-ABB5-252329A2B4DB} = {01673821-1E85-46CB-8FE8-F240C9A7630C}
	EndGlobalSection
EndGlobal
